// !$*UTF8*$!
{
	archiveVersion = 1;
	classes = {
	};
	objectVersion = 56;
	objects = {

/* Begin PBXBuildFile section */
		D74C67232AFFD7C4006E6F71 /* AppDelegate.swift in Sources */ = {isa = PBXBuildFile; fileRef = D74C67222AFFD7C4006E6F71 /* AppDelegate.swift */; };
		D74C67252AFFD7C4006E6F71 /* SceneDelegate.swift in Sources */ = {isa = PBXBuildFile; fileRef = D74C67242AFFD7C4006E6F71 /* SceneDelegate.swift */; };
		D74C67272AFFD7C4006E6F71 /* ViewController.swift in Sources */ = {isa = PBXBuildFile; fileRef = D74C67262AFFD7C4006E6F71 /* ViewController.swift */; };
		D74C672A2AFFD7C4006E6F71 /* Main.storyboard in Resources */ = {isa = PBXBuildFile; fileRef = D74C67282AFFD7C4006E6F71 /* Main.storyboard */; };
		D74C672C2AFFD7C5006E6F71 /* Assets.xcassets in Resources */ = {isa = PBXBuildFile; fileRef = D74C672B2AFFD7C5006E6F71 /* Assets.xcassets */; };
		D74C672F2AFFD7C5006E6F71 /* LaunchScreen.storyboard in Resources */ = {isa = PBXBuildFile; fileRef = D74C672D2AFFD7C5006E6F71 /* LaunchScreen.storyboard */; };
		D74C673A2AFFD7C5006E6F71 /* WeatherProTests.swift in Sources */ = {isa = PBXBuildFile; fileRef = D74C67392AFFD7C5006E6F71 /* WeatherProTests.swift */; };
		D74C67442AFFD7C5006E6F71 /* WeatherProUITests.swift in Sources */ = {isa = PBXBuildFile; fileRef = D74C67432AFFD7C5006E6F71 /* WeatherProUITests.swift */; };
		D74C67462AFFD7C5006E6F71 /* WeatherProUITestsLaunchTests.swift in Sources */ = {isa = PBXBuildFile; fileRef = D74C67452AFFD7C5006E6F71 /* WeatherProUITestsLaunchTests.swift */; };
		D74C67532AFFD80C006E6F71 /* Weather.swift in Sources */ = {isa = PBXBuildFile; fileRef = D74C67522AFFD80C006E6F71 /* Weather.swift */; };
/* End PBXBuildFile section */

/* Begin PBXContainerItemProxy section */
		D74C67362AFFD7C5006E6F71 /* PBXContainerItemProxy */ = {
			isa = PBXContainerItemProxy;
			containerPortal = D74C67172AFFD7C4006E6F71 /* Project object */;
			proxyType = 1;
			remoteGlobalIDString = D74C671E2AFFD7C4006E6F71;
			remoteInfo = WeatherPro;
		};
		D74C67402AFFD7C5006E6F71 /* PBXContainerItemProxy */ = {
			isa = PBXContainerItemProxy;
			containerPortal = D74C67172AFFD7C4006E6F71 /* Project object */;
			proxyType = 1;
			remoteGlobalIDString = D74C671E2AFFD7C4006E6F71;
			remoteInfo = WeatherPro;
		};
/* End PBXContainerItemProxy section */

/* Begin PBXFileReference section */
		D74C671F2AFFD7C4006E6F71 /* WeatherPro.app */ = {isa = PBXFileReference; explicitFileType = wrapper.application; includeInIndex = 0; path = WeatherPro.app; sourceTree = BUILT_PRODUCTS_DIR; };
		D74C67222AFFD7C4006E6F71 /* AppDelegate.swift */ = {isa = PBXFileReference; lastKnownFileType = sourcecode.swift; path = AppDelegate.swift; sourceTree = "<group>"; };
		D74C67242AFFD7C4006E6F71 /* SceneDelegate.swift */ = {isa = PBXFileReference; lastKnownFileType = sourcecode.swift; path = SceneDelegate.swift; sourceTree = "<group>"; };
		D74C67262AFFD7C4006E6F71 /* ViewController.swift */ = {isa = PBXFileReference; lastKnownFileType = sourcecode.swift; path = ViewController.swift; sourceTree = "<group>"; };
		D74C67292AFFD7C4006E6F71 /* Base */ = {isa = PBXFileReference; lastKnownFileType = file.storyboard; name = Base; path = Base.lproj/Main.storyboard; sourceTree = "<group>"; };
		D74C672B2AFFD7C5006E6F71 /* Assets.xcassets */ = {isa = PBXFileReference; lastKnownFileType = folder.assetcatalog; path = Assets.xcassets; sourceTree = "<group>"; };
		D74C672E2AFFD7C5006E6F71 /* Base */ = {isa = PBXFileReference; lastKnownFileType = file.storyboard; name = Base; path = Base.lproj/LaunchScreen.storyboard; sourceTree = "<group>"; };
		D74C67302AFFD7C5006E6F71 /* Info.plist */ = {isa = PBXFileReference; lastKnownFileType = text.plist.xml; path = Info.plist; sourceTree = "<group>"; };
		D74C67352AFFD7C5006E6F71 /* WeatherProTests.xctest */ = {isa = PBXFileReference; explicitFileType = wrapper.cfbundle; includeInIndex = 0; path = WeatherProTests.xctest; sourceTree = BUILT_PRODUCTS_DIR; };
		D74C67392AFFD7C5006E6F71 /* WeatherProTests.swift */ = {isa = PBXFileReference; lastKnownFileType = sourcecode.swift; path = WeatherProTests.swift; sourceTree = "<group>"; };
		D74C673F2AFFD7C5006E6F71 /* WeatherProUITests.xctest */ = {isa = PBXFileReference; explicitFileType = wrapper.cfbundle; includeInIndex = 0; path = WeatherProUITests.xctest; sourceTree = BUILT_PRODUCTS_DIR; };
		D74C67432AFFD7C5006E6F71 /* WeatherProUITests.swift */ = {isa = PBXFileReference; lastKnownFileType = sourcecode.swift; path = WeatherProUITests.swift; sourceTree = "<group>"; };
		D74C67452AFFD7C5006E6F71 /* WeatherProUITestsLaunchTests.swift */ = {isa = PBXFileReference; lastKnownFileType = sourcecode.swift; path = WeatherProUITestsLaunchTests.swift; sourceTree = "<group>"; };
		D74C67522AFFD80C006E6F71 /* Weather.swift */ = {isa = PBXFileReference; lastKnownFileType = sourcecode.swift; path = Weather.swift; sourceTree = "<group>"; };
/* End PBXFileReference section */

/* Begin PBXFrameworksBuildPhase section */
		D74C671C2AFFD7C4006E6F71 /* Frameworks */ = {
			isa = PBXFrameworksBuildPhase;
			buildActionMask = 2147483647;
			files = (
			);
			runOnlyForDeploymentPostprocessing = 0;
		};
		D74C67322AFFD7C5006E6F71 /* Frameworks */ = {
			isa = PBXFrameworksBuildPhase;
			buildActionMask = 2147483647;
			files = (
			);
			runOnlyForDeploymentPostprocessing = 0;
		};
		D74C673C2AFFD7C5006E6F71 /* Frameworks */ = {
			isa = PBXFrameworksBuildPhase;
			buildActionMask = 2147483647;
			files = (
			);
			runOnlyForDeploymentPostprocessing = 0;
		};
/* End PBXFrameworksBuildPhase section */

/* Begin PBXGroup section */
		D74C67162AFFD7C4006E6F71 = {
			isa = PBXGroup;
			children = (
				D74C67212AFFD7C4006E6F71 /* WeatherPro */,
				D74C67382AFFD7C5006E6F71 /* WeatherProTests */,
				D74C67422AFFD7C5006E6F71 /* WeatherProUITests */,
				D74C67202AFFD7C4006E6F71 /* Products */,
			);
			sourceTree = "<group>";
		};
		D74C67202AFFD7C4006E6F71 /* Products */ = {
			isa = PBXGroup;
			children = (
				D74C671F2AFFD7C4006E6F71 /* WeatherPro.app */,
				D74C67352AFFD7C5006E6F71 /* WeatherProTests.xctest */,
				D74C673F2AFFD7C5006E6F71 /* WeatherProUITests.xctest */,
			);
			name = Products;
			sourceTree = "<group>";
		};
		D74C67212AFFD7C4006E6F71 /* WeatherPro */ = {
			isa = PBXGroup;
			children = (
				D74C67222AFFD7C4006E6F71 /* AppDelegate.swift */,
				D74C67242AFFD7C4006E6F71 /* SceneDelegate.swift */,
				D74C67262AFFD7C4006E6F71 /* ViewController.swift */,
				D74C67282AFFD7C4006E6F71 /* Main.storyboard */,
				D74C672B2AFFD7C5006E6F71 /* Assets.xcassets */,
				D74C672D2AFFD7C5006E6F71 /* LaunchScreen.storyboard */,
				D74C67302AFFD7C5006E6F71 /* Info.plist */,
				D74C67522AFFD80C006E6F71 /* Weather.swift */,
			);
			path = WeatherPro;
			sourceTree = "<group>";
		};
		D74C67382AFFD7C5006E6F71 /* WeatherProTests */ = {
			isa = PBXGroup;
			children = (
				D74C67392AFFD7C5006E6F71 /* WeatherProTests.swift */,
			);
			path = WeatherProTests;
			sourceTree = "<group>";
		};
		D74C67422AFFD7C5006E6F71 /* WeatherProUITests */ = {
			isa = PBXGroup;
			children = (
				D74C67432AFFD7C5006E6F71 /* WeatherProUITests.swift */,
				D74C67452AFFD7C5006E6F71 /* WeatherProUITestsLaunchTests.swift */,
			);
			path = WeatherProUITests;
			sourceTree = "<group>";
		};
/* End PBXGroup section */

/* Begin PBXNativeTarget section */
		D74C671E2AFFD7C4006E6F71 /* WeatherPro */ = {
			isa = PBXNativeTarget;
			buildConfigurationList = D74C67492AFFD7C5006E6F71 /* Build configuration list for PBXNativeTarget "WeatherPro" */;
			buildPhases = (
				D74C671B2AFFD7C4006E6F71 /* Sources */,
				D74C671C2AFFD7C4006E6F71 /* Frameworks */,
				D74C671D2AFFD7C4006E6F71 /* Resources */,
			);
			buildRules = (
			);
			dependencies = (
			);
			name = WeatherPro;
			productName = WeatherPro;
			productReference = D74C671F2AFFD7C4006E6F71 /* WeatherPro.app */;
			productType = "com.apple.product-type.application";
		};
		D74C67342AFFD7C5006E6F71 /* WeatherProTests */ = {
			isa = PBXNativeTarget;
			buildConfigurationList = D74C674C2AFFD7C5006E6F71 /* Build configuration list for PBXNativeTarget "WeatherProTests" */;
			buildPhases = (
				D74C67312AFFD7C5006E6F71 /* Sources */,
				D74C67322AFFD7C5006E6F71 /* Frameworks */,
				D74C67332AFFD7C5006E6F71 /* Resources */,
			);
			buildRules = (
			);
			dependencies = (
				D74C67372AFFD7C5006E6F71 /* PBXTargetDependency */,
			);
			name = WeatherProTests;
			productName = WeatherProTests;
			productReference = D74C67352AFFD7C5006E6F71 /* WeatherProTests.xctest */;
			productType = "com.apple.product-type.bundle.unit-test";
		};
		D74C673E2AFFD7C5006E6F71 /* WeatherProUITests */ = {
			isa = PBXNativeTarget;
			buildConfigurationList = D74C674F2AFFD7C5006E6F71 /* Build configuration list for PBXNativeTarget "WeatherProUITests" */;
			buildPhases = (
				D74C673B2AFFD7C5006E6F71 /* Sources */,
				D74C673C2AFFD7C5006E6F71 /* Frameworks */,
				D74C673D2AFFD7C5006E6F71 /* Resources */,
			);
			buildRules = (
			);
			dependencies = (
				D74C67412AFFD7C5006E6F71 /* PBXTargetDependency */,
			);
			name = WeatherProUITests;
			productName = WeatherProUITests;
			productReference = D74C673F2AFFD7C5006E6F71 /* WeatherProUITests.xctest */;
			productType = "com.apple.product-type.bundle.ui-testing";
		};
/* End PBXNativeTarget section */

/* Begin PBXProject section */
		D74C67172AFFD7C4006E6F71 /* Project object */ = {
			isa = PBXProject;
			attributes = {
				BuildIndependentTargetsInParallel = 1;
				LastSwiftUpdateCheck = 1420;
				LastUpgradeCheck = 1420;
				TargetAttributes = {
					D74C671E2AFFD7C4006E6F71 = {
						CreatedOnToolsVersion = 14.2;
					};
					D74C67342AFFD7C5006E6F71 = {
						CreatedOnToolsVersion = 14.2;
						TestTargetID = D74C671E2AFFD7C4006E6F71;
					};
					D74C673E2AFFD7C5006E6F71 = {
						CreatedOnToolsVersion = 14.2;
						TestTargetID = D74C671E2AFFD7C4006E6F71;
					};
				};
			};
			buildConfigurationList = D74C671A2AFFD7C4006E6F71 /* Build configuration list for PBXProject "WeatherPro" */;
			compatibilityVersion = "Xcode 14.0";
			developmentRegion = en;
			hasScannedForEncodings = 0;
			knownRegions = (
				en,
				Base,
			);
			mainGroup = D74C67162AFFD7C4006E6F71;
			productRefGroup = D74C67202AFFD7C4006E6F71 /* Products */;
			projectDirPath = "";
			projectRoot = "";
			targets = (
				D74C671E2AFFD7C4006E6F71 /* WeatherPro */,
				D74C67342AFFD7C5006E6F71 /* WeatherProTests */,
				D74C673E2AFFD7C5006E6F71 /* WeatherProUITests */,
			);
		};
/* End PBXProject section */

/* Begin PBXResourcesBuildPhase section */
		D74C671D2AFFD7C4006E6F71 /* Resources */ = {
			isa = PBXResourcesBuildPhase;
			buildActionMask = 2147483647;
			files = (
				D74C672F2AFFD7C5006E6F71 /* LaunchScreen.storyboard in Resources */,
				D74C672C2AFFD7C5006E6F71 /* Assets.xcassets in Resources */,
				D74C672A2AFFD7C4006E6F71 /* Main.storyboard in Resources */,
			);
			runOnlyForDeploymentPostprocessing = 0;
		};
		D74C67332AFFD7C5006E6F71 /* Resources */ = {
			isa = PBXResourcesBuildPhase;
			buildActionMask = 2147483647;
			files = (
			);
			runOnlyForDeploymentPostprocessing = 0;
		};
		D74C673D2AFFD7C5006E6F71 /* Resources */ = {
			isa = PBXResourcesBuildPhase;
			buildActionMask = 2147483647;
			files = (
			);
			runOnlyForDeploymentPostprocessing = 0;
		};
/* End PBXResourcesBuildPhase section */

/* Begin PBXSourcesBuildPhase section */
		D74C671B2AFFD7C4006E6F71 /* Sources */ = {
			isa = PBXSourcesBuildPhase;
			buildActionMask = 2147483647;
			files = (
				D74C67532AFFD80C006E6F71 /* Weather.swift in Sources */,
				D74C67272AFFD7C4006E6F71 /* ViewController.swift in Sources */,
				D74C67232AFFD7C4006E6F71 /* AppDelegate.swift in Sources */,
				D74C67252AFFD7C4006E6F71 /* SceneDelegate.swift in Sources */,
			);
			runOnlyForDeploymentPostprocessing = 0;
		};
		D74C67312AFFD7C5006E6F71 /* Sources */ = {
			isa = PBXSourcesBuildPhase;
			buildActionMask = 2147483647;
			files = (
				D74C673A2AFFD7C5006E6F71 /* WeatherProTests.swift in Sources */,
			);
			runOnlyForDeploymentPostprocessing = 0;
		};
		D74C673B2AFFD7C5006E6F71 /* Sources */ = {
			isa = PBXSourcesBuildPhase;
			buildActionMask = 2147483647;
			files = (
				D74C67442AFFD7C5006E6F71 /* WeatherProUITests.swift in Sources */,
				D74C67462AFFD7C5006E6F71 /* WeatherProUITestsLaunchTests.swift in Sources */,
			);
			runOnlyForDeploymentPostprocessing = 0;
		};
/* End PBXSourcesBuildPhase section */

/* Begin PBXTargetDependency section */
		D74C67372AFFD7C5006E6F71 /* PBXTargetDependency */ = {
			isa = PBXTargetDependency;
			target = D74C671E2AFFD7C4006E6F71 /* WeatherPro */;
			targetProxy = D74C67362AFFD7C5006E6F71 /* PBXContainerItemProxy */;
		};
		D74C67412AFFD7C5006E6F71 /* PBXTargetDependency */ = {
			isa = PBXTargetDependency;
			target = D74C671E2AFFD7C4006E6F71 /* WeatherPro */;
			targetProxy = D74C67402AFFD7C5006E6F71 /* PBXContainerItemProxy */;
		};
/* End PBXTargetDependency section */

/* Begin PBXVariantGroup section */
		D74C67282AFFD7C4006E6F71 /* Main.storyboard */ = {
			isa = PBXVariantGroup;
			children = (
				D74C67292AFFD7C4006E6F71 /* Base */,
			);
			name = Main.storyboard;
			sourceTree = "<group>";
		};
		D74C672D2AFFD7C5006E6F71 /* LaunchScreen.storyboard */ = {
			isa = PBXVariantGroup;
			children = (
				D74C672E2AFFD7C5006E6F71 /* Base */,
			);
			name = LaunchScreen.storyboard;
			sourceTree = "<group>";
		};
/* End PBXVariantGroup section */

/* Begin XCBuildConfiguration section */
		D74C67472AFFD7C5006E6F71 /* Debug */ = {
			isa = XCBuildConfiguration;
			buildSettings = {
				ALWAYS_SEARCH_USER_PATHS = NO;
				CLANG_ANALYZER_NONNULL = YES;
				CLANG_ANALYZER_NUMBER_OBJECT_CONVERSION = YES_AGGRESSIVE;
				CLANG_CXX_LANGUAGE_STANDARD = "gnu++20";
				CLANG_ENABLE_MODULES = YES;
				CLANG_ENABLE_OBJC_ARC = YES;
				CLANG_ENABLE_OBJC_WEAK = YES;
				CLANG_WARN_BLOCK_CAPTURE_AUTORELEASING = YES;
				CLANG_WARN_BOOL_CONVERSION = YES;
				CLANG_WARN_COMMA = YES;
				CLANG_WARN_CONSTANT_CONVERSION = YES;
				CLANG_WARN_DEPRECATED_OBJC_IMPLEMENTATIONS = YES;
				CLANG_WARN_DIRECT_OBJC_ISA_USAGE = YES_ERROR;
				CLANG_WARN_DOCUMENTATION_COMMENTS = YES;
				CLANG_WARN_EMPTY_BODY = YES;
				CLANG_WARN_ENUM_CONVERSION = YES;
				CLANG_WARN_INFINITE_RECURSION = YES;
				CLANG_WARN_INT_CONVERSION = YES;
				CLANG_WARN_NON_LITERAL_NULL_CONVERSION = YES;
				CLANG_WARN_OBJC_IMPLICIT_RETAIN_SELF = YES;
				CLANG_WARN_OBJC_LITERAL_CONVERSION = YES;
				CLANG_WARN_OBJC_ROOT_CLASS = YES_ERROR;
				CLANG_WARN_QUOTED_INCLUDE_IN_FRAMEWORK_HEADER = YES;
				CLANG_WARN_RANGE_LOOP_ANALYSIS = YES;
				CLANG_WARN_STRICT_PROTOTYPES = YES;
				CLANG_WARN_SUSPICIOUS_MOVE = YES;
				CLANG_WARN_UNGUARDED_AVAILABILITY = YES_AGGRESSIVE;
				CLANG_WARN_UNREACHABLE_CODE = YES;
				CLANG_WARN__DUPLICATE_METHOD_MATCH = YES;
				COPY_PHASE_STRIP = NO;
				DEBUG_INFORMATION_FORMAT = dwarf;
				ENABLE_STRICT_OBJC_MSGSEND = YES;
				ENABLE_TESTABILITY = YES;
				GCC_C_LANGUAGE_STANDARD = gnu11;
				GCC_DYNAMIC_NO_PIC = NO;
				GCC_NO_COMMON_BLOCKS = YES;
				GCC_OPTIMIZATION_LEVEL = 0;
				GCC_PREPROCESSOR_DEFINITIONS = (
					"DEBUG=1",
					"$(inherited)",
				);
				GCC_WARN_64_TO_32_BIT_CONVERSION = YES;
				GCC_WARN_ABOUT_RETURN_TYPE = YES_ERROR;
				GCC_WARN_UNDECLARED_SELECTOR = YES;
				GCC_WARN_UNINITIALIZED_AUTOS = YES_AGGRESSIVE;
				GCC_WARN_UNUSED_FUNCTION = YES;
				GCC_WARN_UNUSED_VARIABLE = YES;
				IPHONEOS_DEPLOYMENT_TARGET = 16.2;
				MTL_ENABLE_DEBUG_INFO = INCLUDE_SOURCE;
				MTL_FAST_MATH = YES;
				ONLY_ACTIVE_ARCH = YES;
				SDKROOT = iphoneos;
				SWIFT_ACTIVE_COMPILATION_CONDITIONS = DEBUG;
				SWIFT_OPTIMIZATION_LEVEL = "-Onone";
			};
			name = Debug;
		};
		D74C67482AFFD7C5006E6F71 /* Release */ = {
			isa = XCBuildConfiguration;
			buildSettings = {
				ALWAYS_SEARCH_USER_PATHS = NO;
				CLANG_ANALYZER_NONNULL = YES;
				CLANG_ANALYZER_NUMBER_OBJECT_CONVERSION = YES_AGGRESSIVE;
				CLANG_CXX_LANGUAGE_STANDARD = "gnu++20";
				CLANG_ENABLE_MODULES = YES;
				CLANG_ENABLE_OBJC_ARC = YES;
				CLANG_ENABLE_OBJC_WEAK = YES;
				CLANG_WARN_BLOCK_CAPTURE_AUTORELEASING = YES;
				CLANG_WARN_BOOL_CONVERSION = YES;
				CLANG_WARN_COMMA = YES;
				CLANG_WARN_CONSTANT_CONVERSION = YES;
				CLANG_WARN_DEPRECATED_OBJC_IMPLEMENTATIONS = YES;
				CLANG_WARN_DIRECT_OBJC_ISA_USAGE = YES_ERROR;
				CLANG_WARN_DOCUMENTATION_COMMENTS = YES;
				CLANG_WARN_EMPTY_BODY = YES;
				CLANG_WARN_ENUM_CONVERSION = YES;
				CLANG_WARN_INFINITE_RECURSION = YES;
				CLANG_WARN_INT_CONVERSION = YES;
				CLANG_WARN_NON_LITERAL_NULL_CONVERSION = YES;
				CLANG_WARN_OBJC_IMPLICIT_RETAIN_SELF = YES;
				CLANG_WARN_OBJC_LITERAL_CONVERSION = YES;
				CLANG_WARN_OBJC_ROOT_CLASS = YES_ERROR;
				CLANG_WARN_QUOTED_INCLUDE_IN_FRAMEWORK_HEADER = YES;
				CLANG_WARN_RANGE_LOOP_ANALYSIS = YES;
				CLANG_WARN_STRICT_PROTOTYPES = YES;
				CLANG_WARN_SUSPICIOUS_MOVE = YES;
				CLANG_WARN_UNGUARDED_AVAILABILITY = YES_AGGRESSIVE;
				CLANG_WARN_UNREACHABLE_CODE = YES;
				CLANG_WARN__DUPLICATE_METHOD_MATCH = YES;
				COPY_PHASE_STRIP = NO;
				DEBUG_INFORMATION_FORMAT = "dwarf-with-dsym";
				ENABLE_NS_ASSERTIONS = NO;
				ENABLE_STRICT_OBJC_MSGSEND = YES;
				GCC_C_LANGUAGE_STANDARD = gnu11;
				GCC_NO_COMMON_BLOCKS = YES;
				GCC_WARN_64_TO_32_BIT_CONVERSION = YES;
				GCC_WARN_ABOUT_RETURN_TYPE = YES_ERROR;
				GCC_WARN_UNDECLARED_SELECTOR = YES;
				GCC_WARN_UNINITIALIZED_AUTOS = YES_AGGRESSIVE;
				GCC_WARN_UNUSED_FUNCTION = YES;
				GCC_WARN_UNUSED_VARIABLE = YES;
				IPHONEOS_DEPLOYMENT_TARGET = 16.2;
				MTL_ENABLE_DEBUG_INFO = NO;
				MTL_FAST_MATH = YES;
				SDKROOT = iphoneos;
				SWIFT_COMPILATION_MODE = wholemodule;
				SWIFT_OPTIMIZATION_LEVEL = "-O";
				VALIDATE_PRODUCT = YES;
			};
			name = Release;
		};
		D74C674A2AFFD7C5006E6F71 /* Debug */ = {
			isa = XCBuildConfiguration;
			buildSettings = {
				ASSETCATALOG_COMPILER_APPICON_NAME = AppIcon;
				ASSETCATALOG_COMPILER_GLOBAL_ACCENT_COLOR_NAME = AccentColor;
				CODE_SIGN_STYLE = Automatic;
				CURRENT_PROJECT_VERSION = 1;
				GENERATE_INFOPLIST_FILE = YES;
				INFOPLIST_FILE = WeatherPro/Info.plist;
				INFOPLIST_KEY_UIApplicationSupportsIndirectInputEvents = YES;
				INFOPLIST_KEY_UILaunchStoryboardName = LaunchScreen;
				INFOPLIST_KEY_UIMainStoryboardFile = Main;
				INFOPLIST_KEY_UISupportedInterfaceOrientations_iPad = "UIInterfaceOrientationPortrait UIInterfaceOrientationPortraitUpsideDown UIInterfaceOrientationLandscapeLeft UIInterfaceOrientationLandscapeRight";
				INFOPLIST_KEY_UISupportedInterfaceOrientations_iPhone = "UIInterfaceOrientationPortrait UIInterfaceOrientationLandscapeLeft UIInterfaceOrientationLandscapeRight";
				LD_RUNPATH_SEARCH_PATHS = (
					"$(inherited)",
					"@executable_path/Frameworks",
				);
				MARKETING_VERSION = 1.0;
				PRODUCT_BUNDLE_IDENTIFIER = com.conestoga.WeatherPro;
				PRODUCT_NAME = "$(TARGET_NAME)";
				SWIFT_EMIT_LOC_STRINGS = YES;
				SWIFT_VERSION = 5.0;
				TARGETED_DEVICE_FAMILY = "1,2";
			};
			name = Debug;
		};
		D74C674B2AFFD7C5006E6F71 /* Release */ = {
			isa = XCBuildConfiguration;
			buildSettings = {
				ASSETCATALOG_COMPILER_APPICON_NAME = AppIcon;
				ASSETCATALOG_COMPILER_GLOBAL_ACCENT_COLOR_NAME = AccentColor;
				CODE_SIGN_STYLE = Automatic;
				CURRENT_PROJECT_VERSION = 1;
				GENERATE_INFOPLIST_FILE = YES;
				INFOPLIST_FILE = WeatherPro/Info.plist;
				INFOPLIST_KEY_UIApplicationSupportsIndirectInputEvents = YES;
				INFOPLIST_KEY_UILaunchStoryboardName = LaunchScreen;
				INFOPLIST_KEY_UIMainStoryboardFile = Main;
				INFOPLIST_KEY_UISupportedInterfaceOrientations_iPad = "UIInterfaceOrientationPortrait UIInterfaceOrientationPortraitUpsideDown UIInterfaceOrientationLandscapeLeft UIInterfaceOrientationLandscapeRight";
				INFOPLIST_KEY_UISupportedInterfaceOrientations_iPhone = "UIInterfaceOrientationPortrait UIInterfaceOrientationLandscapeLeft UIInterfaceOrientationLandscapeRight";
				LD_RUNPATH_SEARCH_PATHS = (
					"$(inherited)",
					"@executable_path/Frameworks",
				);
				MARKETING_VERSION = 1.0;
				PRODUCT_BUNDLE_IDENTIFIER = com.conestoga.WeatherPro;
				PRODUCT_NAME = "$(TARGET_NAME)";
				SWIFT_EMIT_LOC_STRINGS = YES;
				SWIFT_VERSION = 5.0;
				TARGETED_DEVICE_FAMILY = "1,2";
			};
			name = Release;
		};
		D74C674D2AFFD7C5006E6F71 /* Debug */ = {
			isa = XCBuildConfiguration;
			buildSettings = {
				ALWAYS_EMBED_SWIFT_STANDARD_LIBRARIES = YES;
				BUNDLE_LOADER = "$(TEST_HOST)";
				CODE_SIGN_STYLE = Automatic;
				CURRENT_PROJECT_VERSION = 1;
				GENERATE_INFOPLIST_FILE = YES;
				IPHONEOS_DEPLOYMENT_TARGET = 16.2;
				MARKETING_VERSION = 1.0;
				PRODUCT_BUNDLE_IDENTIFIER = com.conestoga.WeatherProTests;
				PRODUCT_NAME = "$(TARGET_NAME)";
				SWIFT_EMIT_LOC_STRINGS = NO;
				SWIFT_VERSION = 5.0;
				TARGETED_DEVICE_FAMILY = "1,2";
				TEST_HOST = "$(BUILT_PRODUCTS_DIR)/WeatherPro.app/$(BUNDLE_EXECUTABLE_FOLDER_PATH)/WeatherPro";
			};
			name = Debug;
		};
		D74C674E2AFFD7C5006E6F71 /* Release */ = {
			isa = XCBuildConfiguration;
			buildSettings = {
				ALWAYS_EMBED_SWIFT_STANDARD_LIBRARIES = YES;
				BUNDLE_LOADER = "$(TEST_HOST)";
				CODE_SIGN_STYLE = Automatic;
				CURRENT_PROJECT_VERSION = 1;
				GENERATE_INFOPLIST_FILE = YES;
				IPHONEOS_DEPLOYMENT_TARGET = 16.2;
				MARKETING_VERSION = 1.0;
				PRODUCT_BUNDLE_IDENTIFIER = com.conestoga.WeatherProTests;
				PRODUCT_NAME = "$(TARGET_NAME)";
				SWIFT_EMIT_LOC_STRINGS = NO;
				SWIFT_VERSION = 5.0;
				TARGETED_DEVICE_FAMILY = "1,2";
				TEST_HOST = "$(BUILT_PRODUCTS_DIR)/WeatherPro.app/$(BUNDLE_EXECUTABLE_FOLDER_PATH)/WeatherPro";
			};
			name = Release;
		};
		D74C67502AFFD7C5006E6F71 /* Debug */ = {
			isa = XCBuildConfiguration;
			buildSettings = {
				ALWAYS_EMBED_SWIFT_STANDARD_LIBRARIES = YES;
				CODE_SIGN_STYLE = Automatic;
				CURRENT_PROJECT_VERSION = 1;
				GENERATE_INFOPLIST_FILE = YES;
				MARKETING_VERSION = 1.0;
				PRODUCT_BUNDLE_IDENTIFIER = com.conestoga.WeatherProUITests;
				PRODUCT_NAME = "$(TARGET_NAME)";
				SWIFT_EMIT_LOC_STRINGS = NO;
				SWIFT_VERSION = 5.0;
				TARGETED_DEVICE_FAMILY = "1,2";
				TEST_TARGET_NAME = WeatherPro;
			};
			name = Debug;
		};
		D74C67512AFFD7C5006E6F71 /* Release */ = {
			isa = XCBuildConfiguration;
			buildSettings = {
				ALWAYS_EMBED_SWIFT_STANDARD_LIBRARIES = YES;
				CODE_SIGN_STYLE = Automatic;
				CURRENT_PROJECT_VERSION = 1;
				GENERATE_INFOPLIST_FILE = YES;
				MARKETING_VERSION = 1.0;
				PRODUCT_BUNDLE_IDENTIFIER = com.conestoga.WeatherProUITests;
				PRODUCT_NAME = "$(TARGET_NAME)";
				SWIFT_EMIT_LOC_STRINGS = NO;
				SWIFT_VERSION = 5.0;
				TARGETED_DEVICE_FAMILY = "1,2";
				TEST_TARGET_NAME = WeatherPro;
			};
			name = Release;
		};
/* End XCBuildConfiguration section */

/* Begin XCConfigurationList section */
		D74C671A2AFFD7C4006E6F71 /* Build configuration list for PBXProject "WeatherPro" */ = {
			isa = XCConfigurationList;
			buildConfigurations = (
				D74C67472AFFD7C5006E6F71 /* Debug */,
				D74C67482AFFD7C5006E6F71 /* Release */,
			);
			defaultConfigurationIsVisible = 0;
			defaultConfigurationName = Release;
		};
		D74C67492AFFD7C5006E6F71 /* Build configuration list for PBXNativeTarget "WeatherPro" */ = {
			isa = XCConfigurationList;
			buildConfigurations = (
				D74C674A2AFFD7C5006E6F71 /* Debug */,
				D74C674B2AFFD7C5006E6F71 /* Release */,
			);
			defaultConfigurationIsVisible = 0;
			defaultConfigurationName = Release;
		};
		D74C674C2AFFD7C5006E6F71 /* Build configuration list for PBXNativeTarget "WeatherProTests" */ = {
			isa = XCConfigurationList;
			buildConfigurations = (
				D74C674D2AFFD7C5006E6F71 /* Debug */,
				D74C674E2AFFD7C5006E6F71 /* Release */,
			);
			defaultConfigurationIsVisible = 0;
			defaultConfigurationName = Release;
		};
		D74C674F2AFFD7C5006E6F71 /* Build configuration list for PBXNativeTarget "WeatherProUITests" */ = {
			isa = XCConfigurationList;
			buildConfigurations = (
				D74C67502AFFD7C5006E6F71 /* Debug */,
				D74C67512AFFD7C5006E6F71 /* Release */,
			);
			defaultConfigurationIsVisible = 0;
			defaultConfigurationName = Release;
		};
/* End XCConfigurationList section */
	};
	rootObject = D74C67172AFFD7C4006E6F71 /* Project object */;
}
